
Microsoft Visual Studio Solution File, Format Version 12.00
# Visual Studio Version 17
VisualStudioVersion = 17.14.36408.4 d17.14
MinimumVisualStudioVersion = 10.0.40219.1
Project("{FAE04EC0-301F-11D3-BF4B-00C04F79EFBC}") = "Simulado_Gravitacional_Progaramacao_Avancada", "Simulado_Gravitacional_Progaramacao_Avancada\Simulado_Gravitacional_Progaramacao_Avancada.csproj", "{4630CB78-86E0-4918-A4A6-F674E667FF08}"
EndProject
Global
	GlobalSection(SolutionConfigurationPlatforms) = preSolution
		Debug|Any CPU = Debug|Any CPU
		Release|Any CPU = Release|Any CPU
	EndGlobalSection
	GlobalSection(ProjectConfigurationPlatforms) = postSolution
		{4630CB78-86E0-4918-A4A6-F674E667FF08}.Debug|Any CPU.ActiveCfg = Debug|Any CPU
		{4630CB78-86E0-4918-A4A6-F674E667FF08}.Debug|Any CPU.Build.0 = Debug|Any CPU
		{4630CB78-86E0-4918-A4A6-F674E667FF08}.Release|Any CPU.ActiveCfg = Release|Any CPU
		{4630CB78-86E0-4918-A4A6-F674E667FF08}.Release|Any CPU.Build.0 = Release|Any CPU
	EndGlobalSection
	GlobalSection(SolutionProperties) = preSolution
		HideSolutionNode = FALSE
	EndGlobalSection
	GlobalSection(ExtensibilityGlobals) = postSolution
		SolutionGuid = {CD2C9863-F4DF-4CEA-A220-3E98C57338CF}
	EndGlobalSection
EndGlobal
