
Microsoft Visual Studio Solution File, Format Version 12.00
# Visual Studio Version 17
VisualStudioVersion = 17.14.36408.4 d17.14
MinimumVisualStudioVersion = 10.0.40219.1
Project("{FAE04EC0-301F-11D3-BF4B-00C04F79EFBC}") = "Simulado_Gravitacional_Progaramacao_Avancada", "Simulado_Gravitacional_Progaramacao_Avancada\Simulado_Gravitacional_Progaramacao_Avancada.csproj", "{3A419858-F74D-4256-AFC7-BA2C837B59FC}"
EndProject
Global
	GlobalSection(SolutionConfigurationPlatforms) = preSolution
		Debug|Any CPU = Debug|Any CPU
		Release|Any CPU = Release|Any CPU
	EndGlobalSection
	GlobalSection(ProjectConfigurationPlatforms) = postSolution
		{3A419858-F74D-4256-AFC7-BA2C837B59FC}.Debug|Any CPU.ActiveCfg = Debug|Any CPU
		{3A419858-F74D-4256-AFC7-BA2C837B59FC}.Debug|Any CPU.Build.0 = Debug|Any CPU
		{3A419858-F74D-4256-AFC7-BA2C837B59FC}.Release|Any CPU.ActiveCfg = Release|Any CPU
		{3A419858-F74D-4256-AFC7-BA2C837B59FC}.Release|Any CPU.Build.0 = Release|Any CPU
	EndGlobalSection
	GlobalSection(SolutionProperties) = preSolution
		HideSolutionNode = FALSE
	EndGlobalSection
	GlobalSection(ExtensibilityGlobals) = postSolution
		SolutionGuid = {0F881D91-129A-4F57-821A-B0E4780394AA}
	EndGlobalSection
EndGlobal
